
Microsoft Visual Studio Solution File, Format Version 12.00
# Visual Studio Version 16
VisualStudioVersion = 16.0.31515.178
MinimumVisualStudioVersion = 10.0.40219.1
Project("{FAE04EC0-301F-11D3-BF4B-00C04F79EFBC}") = "AppointmentScheduler", "AppointmentScheduler\AppointmentScheduler.csproj", "{BA8C9D0D-B1EC-4017-B0BE-220726C9C407}"
EndProject
Global
	GlobalSection(SolutionConfigurationPlatforms) = preSolution
		Debug|Any CPU = Debug|Any CPU
		Release|Any CPU = Release|Any CPU
	EndGlobalSection
	GlobalSection(ProjectConfigurationPlatforms) = postSolution
		{BA8C9D0D-B1EC-4017-B0BE-220726C9C407}.Debug|Any CPU.ActiveCfg = Debug|Any CPU
		{BA8C9D0D-B1EC-4017-B0BE-220726C9C407}.Debug|Any CPU.Build.0 = Debug|Any CPU
		{BA8C9D0D-B1EC-4017-B0BE-220726C9C407}.Release|Any CPU.ActiveCfg = Release|Any CPU
		{BA8C9D0D-B1EC-4017-B0BE-220726C9C407}.Release|Any CPU.Build.0 = Release|Any CPU
	EndGlobalSection
	GlobalSection(SolutionProperties) = preSolution
		HideSolutionNode = FALSE
	EndGlobalSection
	GlobalSection(ExtensibilityGlobals) = postSolution
		SolutionGuid = {E874EF9E-E872-4223-AB60-C42F40424789}
	EndGlobalSection
EndGlobal
